<Solution>
  <Project Path="../LoginSRV1/LoginSRV1.csproj" />
  <Project Path="../SRV4_Areas/SRV4_Areas.csproj" />
  <Project Path="../TipoIdentificacionSRV6/TipoIdentificacionSRV6.csproj" />
  <Project Path="../UsuariosSRV4/UsuariosSRV4.csproj" />
  <Project Path="TiposUsuarioSRV5.csproj" />
</Solution>
