
Microsoft Visual Studio Solution File, Format Version 12.00
# Visual Studio Version 18
VisualStudioVersion = 18.5.11801.241 oobstable
MinimumVisualStudioVersion = 10.0.40219.1
Project("{FAE04EC0-301F-11D3-BF4B-00C04F79EFBC}") = "SRV15_Parametro", "SRV15_Parametro.csproj", "{64B4E02C-4D0E-A0AE-BE9D-1A4A50501857}"
EndProject
Global
	GlobalSection(SolutionConfigurationPlatforms) = preSolution
		Debug|Any CPU = Debug|Any CPU
		Release|Any CPU = Release|Any CPU
	EndGlobalSection
	GlobalSection(ProjectConfigurationPlatforms) = postSolution
		{64B4E02C-4D0E-A0AE-BE9D-1A4A50501857}.Debug|Any CPU.ActiveCfg = Debug|Any CPU
		{64B4E02C-4D0E-A0AE-BE9D-1A4A50501857}.Debug|Any CPU.Build.0 = Debug|Any CPU
		{64B4E02C-4D0E-A0AE-BE9D-1A4A50501857}.Release|Any CPU.ActiveCfg = Release|Any CPU
		{64B4E02C-4D0E-A0AE-BE9D-1A4A50501857}.Release|Any CPU.Build.0 = Release|Any CPU
	EndGlobalSection
	GlobalSection(SolutionProperties) = preSolution
		HideSolutionNode = FALSE
	EndGlobalSection
	GlobalSection(ExtensibilityGlobals) = postSolution
		SolutionGuid = {21B73153-DFF3-4E5C-8736-6E96F179E77F}
	EndGlobalSection
EndGlobal
